<?xml version="1.0" encoding="utf-8"?>
<Project ToolsVersion="4.0" xmlns="http://schemas.microsoft.com/developer/msbuild/2003">
  <ItemGroup>
    <Filter Include="Source Files">
      <UniqueIdentifier>{4FC737F1-C7A5-4376-A066-2A32D752A2FF}</UniqueIdentifier>
      <Extensions>cpp;c;cc;cxx;c++;cppm;ixx;def;odl;idl;hpj;bat;asm;asmx</Extensions>
    </Filter>
    <Filter Include="Header Files">
      <UniqueIdentifier>{93995380-89BD-4b04-88EB-625FBE52EBFB}</UniqueIdentifier>
      <Extensions>h;hh;hpp;hxx;h++;hm;inl;inc;ipp;xsd</Extensions>
    </Filter>
    <Filter Include="Resource Files">
      <UniqueIdentifier>{67DA6AB6-F800-4c08-8B7A-83BB121AAD01}</UniqueIdentifier>
      <Extensions>rc;ico;cur;bmp;dlg;rc2;rct;bin;rgs;gif;jpg;jpeg;jpe;resx;tiff;tif;png;wav;mfcribbon-ms</Extensions>
    </Filter>
  </ItemGroup>
  <ItemGroup>
    <ClCompile Include="Bank System - UI.cpp">
      <Filter>Source Files</Filter>
    </ClCompile>
  </ItemGroup>
  <ItemGroup>
    <ClInclude Include="ClsListScreen.h">
      <Filter>Header Files</Filter>
    </ClInclude>
    <ClInclude Include="ClsUpdateScreen.h">
      <Filter>Header Files</Filter>
    </ClInclude>
    <ClInclude Include="ClsFIndCLient.h">
      <Filter>Header Files</Filter>
    </ClInclude>
    <ClInclude Include="ClsDepositeScreen.h">
      <Filter>Header Files</Filter>
    </ClInclude>
    <ClInclude Include="ClsWithDrowScreen.h">
      <Filter>Header Files</Filter>
    </ClInclude>
    <ClInclude Include="TotalBalaceScreen.h">
      <Filter>Header Files</Filter>
    </ClInclude>
    <ClInclude Include="ClsListUserScreen.h">
      <Filter>Header Files</Filter>
    </ClInclude>
    <ClInclude Include="ClsBankUsers.h">
      <Filter>Header Files</Filter>
    </ClInclude>
    <ClInclude Include="DeleteUserScreen.h">
      <Filter>Header Files</Filter>
    </ClInclude>
    <ClInclude Include="ClsUpdateUserScreen.h">
      <Filter>Header Files</Filter>
    </ClInclude>
    <ClInclude Include="ClsFIndUserScreen.h">
      <Filter>Header Files</Filter>
    </ClInclude>
    <ClInclude Include="Global.h">
      <Filter>Header Files</Filter>
    </ClInclude>
    <ClInclude Include="ClsLoginSccreen.h">
      <Filter>Header Files</Filter>
    </ClInclude>
    <ClInclude Include="CLsTransferScreen.h">
      <Filter>Header Files</Filter>
    </ClInclude>
    <ClInclude Include="ClsTransferFileScreen.h">
      <Filter>Header Files</Filter>
    </ClInclude>
    <ClInclude Include="ClsCurrancyMainScreen.h">
      <Filter>Header Files</Filter>
    </ClInclude>
    <ClInclude Include="ClsTransactionScreen.h">
      <Filter>Header Files</Filter>
    </ClInclude>
    <ClInclude Include="ClsMainScreen.h">
      <Filter>Header Files</Filter>
    </ClInclude>
    <ClInclude Include="ClsShowRegisterScreen.h">
      <Filter>Header Files</Filter>
    </ClInclude>
    <ClInclude Include="ClsScreen.h">
      <Filter>Header Files</Filter>
    </ClInclude>
    <ClInclude Include="ClsmManageUserScreen.h">
      <Filter>Header Files</Filter>
    </ClInclude>
    <ClInclude Include="ClsAddNewClient.h">
      <Filter>Header Files</Filter>
    </ClInclude>
    <ClInclude Include="ClsAddUsersScreen.h">
      <Filter>Header Files</Filter>
    </ClInclude>
    <ClInclude Include="ClsDeleteScreen.h">
      <Filter>Header Files</Filter>
    </ClInclude>
  </ItemGroup>
</Project>